// !$*UTF8*$!
{
	archiveVersion = 1;
	classes = {
	};
	objectVersion = 56;
	objects = {

/* Begin PBXBuildFile section */
		D389CBB72956E00F00587376 /* AppDelegate.swift in Sources */ = {isa = PBXBuildFile; fileRef = D389CBB62956E00F00587376 /* AppDelegate.swift */; };
		D389CBB92956E00F00587376 /* SceneDelegate.swift in Sources */ = {isa = PBXBuildFile; fileRef = D389CBB82956E00F00587376 /* SceneDelegate.swift */; };
		D389CBBB2956E00F00587376 /* CocktailsViewController.swift in Sources */ = {isa = PBXBuildFile; fileRef = D389CBBA2956E00F00587376 /* CocktailsViewController.swift */; };
		D389CBBE2956E00F00587376 /* Cocktails.storyboard in Resources */ = {isa = PBXBuildFile; fileRef = D389CBBC2956E00F00587376 /* Cocktails.storyboard */; };
		D389CBC02956E01100587376 /* Assets.xcassets in Resources */ = {isa = PBXBuildFile; fileRef = D389CBBF2956E01100587376 /* Assets.xcassets */; };
		D389CBC32956E01100587376 /* LaunchScreen.storyboard in Resources */ = {isa = PBXBuildFile; fileRef = D389CBC12956E01100587376 /* LaunchScreen.storyboard */; };
		D389CBD22956E2F900587376 /* Drink.swift in Sources */ = {isa = PBXBuildFile; fileRef = D389CBD12956E2F900587376 /* Drink.swift */; };
		D389CBD52956E57200587376 /* DrinksAPIManager.swift in Sources */ = {isa = PBXBuildFile; fileRef = D389CBD42956E57200587376 /* DrinksAPIManager.swift */; };
		D389CBD92956EEFB00587376 /* DrinkTableViewCell.swift in Sources */ = {isa = PBXBuildFile; fileRef = D389CBD72956EEFB00587376 /* DrinkTableViewCell.swift */; };
		D389CBDA2956EEFB00587376 /* DrinkTableViewCell.xib in Resources */ = {isa = PBXBuildFile; fileRef = D389CBD82956EEFB00587376 /* DrinkTableViewCell.xib */; };
		D389CBDD2956F06600587376 /* Kingfisher in Frameworks */ = {isa = PBXBuildFile; productRef = D389CBDC2956F06600587376 /* Kingfisher */; };
/* End PBXBuildFile section */

/* Begin PBXFileReference section */
		D389CBB32956E00F00587376 /* Lecture17.app */ = {isa = PBXFileReference; explicitFileType = wrapper.application; includeInIndex = 0; path = Lecture17.app; sourceTree = BUILT_PRODUCTS_DIR; };
		D389CBB62956E00F00587376 /* AppDelegate.swift */ = {isa = PBXFileReference; lastKnownFileType = sourcecode.swift; path = AppDelegate.swift; sourceTree = "<group>"; };
		D389CBB82956E00F00587376 /* SceneDelegate.swift */ = {isa = PBXFileReference; lastKnownFileType = sourcecode.swift; path = SceneDelegate.swift; sourceTree = "<group>"; };
		D389CBBA2956E00F00587376 /* CocktailsViewController.swift */ = {isa = PBXFileReference; lastKnownFileType = sourcecode.swift; path = CocktailsViewController.swift; sourceTree = "<group>"; };
		D389CBBD2956E00F00587376 /* Base */ = {isa = PBXFileReference; lastKnownFileType = file.storyboard; name = Base; path = Base.lproj/Cocktails.storyboard; sourceTree = "<group>"; };
		D389CBBF2956E01100587376 /* Assets.xcassets */ = {isa = PBXFileReference; lastKnownFileType = folder.assetcatalog; path = Assets.xcassets; sourceTree = "<group>"; };
		D389CBC22956E01100587376 /* Base */ = {isa = PBXFileReference; lastKnownFileType = file.storyboard; name = Base; path = Base.lproj/LaunchScreen.storyboard; sourceTree = "<group>"; };
		D389CBC42956E01100587376 /* Info.plist */ = {isa = PBXFileReference; lastKnownFileType = text.plist.xml; path = Info.plist; sourceTree = "<group>"; };
		D389CBD12956E2F900587376 /* Drink.swift */ = {isa = PBXFileReference; lastKnownFileType = sourcecode.swift; path = Drink.swift; sourceTree = "<group>"; };
		D389CBD42956E57200587376 /* DrinksAPIManager.swift */ = {isa = PBXFileReference; lastKnownFileType = sourcecode.swift; path = DrinksAPIManager.swift; sourceTree = "<group>"; };
		D389CBD72956EEFB00587376 /* DrinkTableViewCell.swift */ = {isa = PBXFileReference; lastKnownFileType = sourcecode.swift; path = DrinkTableViewCell.swift; sourceTree = "<group>"; };
		D389CBD82956EEFB00587376 /* DrinkTableViewCell.xib */ = {isa = PBXFileReference; lastKnownFileType = file.xib; path = DrinkTableViewCell.xib; sourceTree = "<group>"; };
/* End PBXFileReference section */

/* Begin PBXFrameworksBuildPhase section */
		D389CBB02956E00F00587376 /* Frameworks */ = {
			isa = PBXFrameworksBuildPhase;
			buildActionMask = 2147483647;
			files = (
				D389CBDD2956F06600587376 /* Kingfisher in Frameworks */,
			);
			runOnlyForDeploymentPostprocessing = 0;
		};
/* End PBXFrameworksBuildPhase section */

/* Begin PBXGroup section */
		D389CBAA2956E00F00587376 = {
			isa = PBXGroup;
			children = (
				D389CBB52956E00F00587376 /* Lecture17 */,
				D389CBB42956E00F00587376 /* Products */,
			);
			sourceTree = "<group>";
		};
		D389CBB42956E00F00587376 /* Products */ = {
			isa = PBXGroup;
			children = (
				D389CBB32956E00F00587376 /* Lecture17.app */,
			);
			name = Products;
			sourceTree = "<group>";
		};
		D389CBB52956E00F00587376 /* Lecture17 */ = {
			isa = PBXGroup;
			children = (
				D389CBCA2956E11A00587376 /* App */,
				D389CBCD2956E14800587376 /* Scenes */,
				D389CBCB2956E12C00587376 /* Resources */,
				D389CBCC2956E13300587376 /* SupportingFiles */,
			);
			path = Lecture17;
			sourceTree = "<group>";
		};
		D389CBCA2956E11A00587376 /* App */ = {
			isa = PBXGroup;
			children = (
				D389CBB62956E00F00587376 /* AppDelegate.swift */,
				D389CBB82956E00F00587376 /* SceneDelegate.swift */,
			);
			path = App;
			sourceTree = "<group>";
		};
		D389CBCB2956E12C00587376 /* Resources */ = {
			isa = PBXGroup;
			children = (
				D389CBBF2956E01100587376 /* Assets.xcassets */,
			);
			path = Resources;
			sourceTree = "<group>";
		};
		D389CBCC2956E13300587376 /* SupportingFiles */ = {
			isa = PBXGroup;
			children = (
				D389CBC42956E01100587376 /* Info.plist */,
			);
			path = SupportingFiles;
			sourceTree = "<group>";
		};
		D389CBCD2956E14800587376 /* Scenes */ = {
			isa = PBXGroup;
			children = (
				D389CBCE2956E14D00587376 /* Launch */,
				D389CBCF2956E15600587376 /* Cocktails */,
			);
			path = Scenes;
			sourceTree = "<group>";
		};
		D389CBCE2956E14D00587376 /* Launch */ = {
			isa = PBXGroup;
			children = (
				D389CBC12956E01100587376 /* LaunchScreen.storyboard */,
			);
			path = Launch;
			sourceTree = "<group>";
		};
		D389CBCF2956E15600587376 /* Cocktails */ = {
			isa = PBXGroup;
			children = (
				D389CBD02956E2E700587376 /* Model */,
				D389CBD32956E56000587376 /* APIManager */,
				D389CBD62956EEE000587376 /* DrinkTableViewCell */,
				D389CBBA2956E00F00587376 /* CocktailsViewController.swift */,
				D389CBBC2956E00F00587376 /* Cocktails.storyboard */,
			);
			path = Cocktails;
			sourceTree = "<group>";
		};
		D389CBD02956E2E700587376 /* Model */ = {
			isa = PBXGroup;
			children = (
				D389CBD12956E2F900587376 /* Drink.swift */,
			);
			path = Model;
			sourceTree = "<group>";
		};
		D389CBD32956E56000587376 /* APIManager */ = {
			isa = PBXGroup;
			children = (
				D389CBD42956E57200587376 /* DrinksAPIManager.swift */,
			);
			path = APIManager;
			sourceTree = "<group>";
		};
		D389CBD62956EEE000587376 /* DrinkTableViewCell */ = {
			isa = PBXGroup;
			children = (
				D389CBD72956EEFB00587376 /* DrinkTableViewCell.swift */,
				D389CBD82956EEFB00587376 /* DrinkTableViewCell.xib */,
			);
			path = DrinkTableViewCell;
			sourceTree = "<group>";
		};
/* End PBXGroup section */

/* Begin PBXNativeTarget section */
		D389CBB22956E00F00587376 /* Lecture17 */ = {
			isa = PBXNativeTarget;
			buildConfigurationList = D389CBC72956E01100587376 /* Build configuration list for PBXNativeTarget "Lecture17" */;
			buildPhases = (
				D389CBAF2956E00F00587376 /* Sources */,
				D389CBB02956E00F00587376 /* Frameworks */,
				D389CBB12956E00F00587376 /* Resources */,
			);
			buildRules = (
			);
			dependencies = (
			);
			name = Lecture17;
			packageProductDependencies = (
				D389CBDC2956F06600587376 /* Kingfisher */,
			);
			productName = Lecture17;
			productReference = D389CBB32956E00F00587376 /* Lecture17.app */;
			productType = "com.apple.product-type.application";
		};
/* End PBXNativeTarget section */

/* Begin PBXProject section */
		D389CBAB2956E00F00587376 /* Project object */ = {
			isa = PBXProject;
			attributes = {
				BuildIndependentTargetsInParallel = 1;
				LastSwiftUpdateCheck = 1400;
				LastUpgradeCheck = 1400;
				TargetAttributes = {
					D389CBB22956E00F00587376 = {
						CreatedOnToolsVersion = 14.0.1;
					};
				};
			};
			buildConfigurationList = D389CBAE2956E00F00587376 /* Build configuration list for PBXProject "Lecture17" */;
			compatibilityVersion = "Xcode 14.0";
			developmentRegion = en;
			hasScannedForEncodings = 0;
			knownRegions = (
				en,
				Base,
			);
			mainGroup = D389CBAA2956E00F00587376;
			packageReferences = (
				D389CBDB2956F06600587376 /* XCRemoteSwiftPackageReference "Kingfisher" */,
			);
			productRefGroup = D389CBB42956E00F00587376 /* Products */;
			projectDirPath = "";
			projectRoot = "";
			targets = (
				D389CBB22956E00F00587376 /* Lecture17 */,
			);
		};
/* End PBXProject section */

/* Begin PBXResourcesBuildPhase section */
		D389CBB12956E00F00587376 /* Resources */ = {
			isa = PBXResourcesBuildPhase;
			buildActionMask = 2147483647;
			files = (
				D389CBC32956E01100587376 /* LaunchScreen.storyboard in Resources */,
				D389CBC02956E01100587376 /* Assets.xcassets in Resources */,
				D389CBDA2956EEFB00587376 /* DrinkTableViewCell.xib in Resources */,
				D389CBBE2956E00F00587376 /* Cocktails.storyboard in Resources */,
			);
			runOnlyForDeploymentPostprocessing = 0;
		};
/* End PBXResourcesBuildPhase section */

/* Begin PBXSourcesBuildPhase section */
		D389CBAF2956E00F00587376 /* Sources */ = {
			isa = PBXSourcesBuildPhase;
			buildActionMask = 2147483647;
			files = (
				D389CBBB2956E00F00587376 /* CocktailsViewController.swift in Sources */,
				D389CBB72956E00F00587376 /* AppDelegate.swift in Sources */,
				D389CBD52956E57200587376 /* DrinksAPIManager.swift in Sources */,
				D389CBB92956E00F00587376 /* SceneDelegate.swift in Sources */,
				D389CBD92956EEFB00587376 /* DrinkTableViewCell.swift in Sources */,
				D389CBD22956E2F900587376 /* Drink.swift in Sources */,
			);
			runOnlyForDeploymentPostprocessing = 0;
		};
/* End PBXSourcesBuildPhase section */

/* Begin PBXVariantGroup section */
		D389CBBC2956E00F00587376 /* Cocktails.storyboard */ = {
			isa = PBXVariantGroup;
			children = (
				D389CBBD2956E00F00587376 /* Base */,
			);
			name = Cocktails.storyboard;
			sourceTree = "<group>";
		};
		D389CBC12956E01100587376 /* LaunchScreen.storyboard */ = {
			isa = PBXVariantGroup;
			children = (
				D389CBC22956E01100587376 /* Base */,
			);
			name = LaunchScreen.storyboard;
			sourceTree = "<group>";
		};
/* End PBXVariantGroup section */

/* Begin XCBuildConfiguration section */
		D389CBC52956E01100587376 /* Debug */ = {
			isa = XCBuildConfiguration;
			buildSettings = {
				ALWAYS_SEARCH_USER_PATHS = NO;
				CLANG_ANALYZER_NONNULL = YES;
				CLANG_ANALYZER_NUMBER_OBJECT_CONVERSION = YES_AGGRESSIVE;
				CLANG_CXX_LANGUAGE_STANDARD = "gnu++20";
				CLANG_ENABLE_MODULES = YES;
				CLANG_ENABLE_OBJC_ARC = YES;
				CLANG_ENABLE_OBJC_WEAK = YES;
				CLANG_WARN_BLOCK_CAPTURE_AUTORELEASING = YES;
				CLANG_WARN_BOOL_CONVERSION = YES;
				CLANG_WARN_COMMA = YES;
				CLANG_WARN_CONSTANT_CONVERSION = YES;
				CLANG_WARN_DEPRECATED_OBJC_IMPLEMENTATIONS = YES;
				CLANG_WARN_DIRECT_OBJC_ISA_USAGE = YES_ERROR;
				CLANG_WARN_DOCUMENTATION_COMMENTS = YES;
				CLANG_WARN_EMPTY_BODY = YES;
				CLANG_WARN_ENUM_CONVERSION = YES;
				CLANG_WARN_INFINITE_RECURSION = YES;
				CLANG_WARN_INT_CONVERSION = YES;
				CLANG_WARN_NON_LITERAL_NULL_CONVERSION = YES;
				CLANG_WARN_OBJC_IMPLICIT_RETAIN_SELF = YES;
				CLANG_WARN_OBJC_LITERAL_CONVERSION = YES;
				CLANG_WARN_OBJC_ROOT_CLASS = YES_ERROR;
				CLANG_WARN_QUOTED_INCLUDE_IN_FRAMEWORK_HEADER = YES;
				CLANG_WARN_RANGE_LOOP_ANALYSIS = YES;
				CLANG_WARN_STRICT_PROTOTYPES = YES;
				CLANG_WARN_SUSPICIOUS_MOVE = YES;
				CLANG_WARN_UNGUARDED_AVAILABILITY = YES_AGGRESSIVE;
				CLANG_WARN_UNREACHABLE_CODE = YES;
				CLANG_WARN__DUPLICATE_METHOD_MATCH = YES;
				COPY_PHASE_STRIP = NO;
				DEBUG_INFORMATION_FORMAT = dwarf;
				ENABLE_STRICT_OBJC_MSGSEND = YES;
				ENABLE_TESTABILITY = YES;
				GCC_C_LANGUAGE_STANDARD = gnu11;
				GCC_DYNAMIC_NO_PIC = NO;
				GCC_NO_COMMON_BLOCKS = YES;
				GCC_OPTIMIZATION_LEVEL = 0;
				GCC_PREPROCESSOR_DEFINITIONS = (
					"DEBUG=1",
					"$(inherited)",
				);
				GCC_WARN_64_TO_32_BIT_CONVERSION = YES;
				GCC_WARN_ABOUT_RETURN_TYPE = YES_ERROR;
				GCC_WARN_UNDECLARED_SELECTOR = YES;
				GCC_WARN_UNINITIALIZED_AUTOS = YES_AGGRESSIVE;
				GCC_WARN_UNUSED_FUNCTION = YES;
				GCC_WARN_UNUSED_VARIABLE = YES;
				IPHONEOS_DEPLOYMENT_TARGET = 16.0;
				MTL_ENABLE_DEBUG_INFO = INCLUDE_SOURCE;
				MTL_FAST_MATH = YES;
				ONLY_ACTIVE_ARCH = YES;
				SDKROOT = iphoneos;
				SWIFT_ACTIVE_COMPILATION_CONDITIONS = DEBUG;
				SWIFT_OPTIMIZATION_LEVEL = "-Onone";
			};
			name = Debug;
		};
		D389CBC62956E01100587376 /* Release */ = {
			isa = XCBuildConfiguration;
			buildSettings = {
				ALWAYS_SEARCH_USER_PATHS = NO;
				CLANG_ANALYZER_NONNULL = YES;
				CLANG_ANALYZER_NUMBER_OBJECT_CONVERSION = YES_AGGRESSIVE;
				CLANG_CXX_LANGUAGE_STANDARD = "gnu++20";
				CLANG_ENABLE_MODULES = YES;
				CLANG_ENABLE_OBJC_ARC = YES;
				CLANG_ENABLE_OBJC_WEAK = YES;
				CLANG_WARN_BLOCK_CAPTURE_AUTORELEASING = YES;
				CLANG_WARN_BOOL_CONVERSION = YES;
				CLANG_WARN_COMMA = YES;
				CLANG_WARN_CONSTANT_CONVERSION = YES;
				CLANG_WARN_DEPRECATED_OBJC_IMPLEMENTATIONS = YES;
				CLANG_WARN_DIRECT_OBJC_ISA_USAGE = YES_ERROR;
				CLANG_WARN_DOCUMENTATION_COMMENTS = YES;
				CLANG_WARN_EMPTY_BODY = YES;
				CLANG_WARN_ENUM_CONVERSION = YES;
				CLANG_WARN_INFINITE_RECURSION = YES;
				CLANG_WARN_INT_CONVERSION = YES;
				CLANG_WARN_NON_LITERAL_NULL_CONVERSION = YES;
				CLANG_WARN_OBJC_IMPLICIT_RETAIN_SELF = YES;
				CLANG_WARN_OBJC_LITERAL_CONVERSION = YES;
				CLANG_WARN_OBJC_ROOT_CLASS = YES_ERROR;
				CLANG_WARN_QUOTED_INCLUDE_IN_FRAMEWORK_HEADER = YES;
				CLANG_WARN_RANGE_LOOP_ANALYSIS = YES;
				CLANG_WARN_STRICT_PROTOTYPES = YES;
				CLANG_WARN_SUSPICIOUS_MOVE = YES;
				CLANG_WARN_UNGUARDED_AVAILABILITY = YES_AGGRESSIVE;
				CLANG_WARN_UNREACHABLE_CODE = YES;
				CLANG_WARN__DUPLICATE_METHOD_MATCH = YES;
				COPY_PHASE_STRIP = NO;
				DEBUG_INFORMATION_FORMAT = "dwarf-with-dsym";
				ENABLE_NS_ASSERTIONS = NO;
				ENABLE_STRICT_OBJC_MSGSEND = YES;
				GCC_C_LANGUAGE_STANDARD = gnu11;
				GCC_NO_COMMON_BLOCKS = YES;
				GCC_WARN_64_TO_32_BIT_CONVERSION = YES;
				GCC_WARN_ABOUT_RETURN_TYPE = YES_ERROR;
				GCC_WARN_UNDECLARED_SELECTOR = YES;
				GCC_WARN_UNINITIALIZED_AUTOS = YES_AGGRESSIVE;
				GCC_WARN_UNUSED_FUNCTION = YES;
				GCC_WARN_UNUSED_VARIABLE = YES;
				IPHONEOS_DEPLOYMENT_TARGET = 16.0;
				MTL_ENABLE_DEBUG_INFO = NO;
				MTL_FAST_MATH = YES;
				SDKROOT = iphoneos;
				SWIFT_COMPILATION_MODE = wholemodule;
				SWIFT_OPTIMIZATION_LEVEL = "-O";
				VALIDATE_PRODUCT = YES;
			};
			name = Release;
		};
		D389CBC82956E01100587376 /* Debug */ = {
			isa = XCBuildConfiguration;
			buildSettings = {
				ASSETCATALOG_COMPILER_APPICON_NAME = AppIcon;
				ASSETCATALOG_COMPILER_GLOBAL_ACCENT_COLOR_NAME = AccentColor;
				CODE_SIGN_STYLE = Automatic;
				CURRENT_PROJECT_VERSION = 1;
				GENERATE_INFOPLIST_FILE = YES;
				INFOPLIST_FILE = Lecture17/SupportingFiles/Info.plist;
				INFOPLIST_KEY_UIApplicationSupportsIndirectInputEvents = YES;
				INFOPLIST_KEY_UILaunchStoryboardName = LaunchScreen;
				INFOPLIST_KEY_UIMainStoryboardFile = Cocktails;
				INFOPLIST_KEY_UISupportedInterfaceOrientations_iPad = "UIInterfaceOrientationPortrait UIInterfaceOrientationPortraitUpsideDown UIInterfaceOrientationLandscapeLeft UIInterfaceOrientationLandscapeRight";
				INFOPLIST_KEY_UISupportedInterfaceOrientations_iPhone = "UIInterfaceOrientationPortrait UIInterfaceOrientationLandscapeLeft UIInterfaceOrientationLandscapeRight";
				LD_RUNPATH_SEARCH_PATHS = (
					"$(inherited)",
					"@executable_path/Frameworks",
				);
				MARKETING_VERSION = 1.0;
				PRODUCT_BUNDLE_IDENTIFIER = lizi.chichua.Lecture17;
				PRODUCT_NAME = "$(TARGET_NAME)";
				SWIFT_EMIT_LOC_STRINGS = YES;
				SWIFT_VERSION = 5.0;
				TARGETED_DEVICE_FAMILY = "1,2";
			};
			name = Debug;
		};
		D389CBC92956E01100587376 /* Release */ = {
			isa = XCBuildConfiguration;
			buildSettings = {
				ASSETCATALOG_COMPILER_APPICON_NAME = AppIcon;
				ASSETCATALOG_COMPILER_GLOBAL_ACCENT_COLOR_NAME = AccentColor;
				CODE_SIGN_STYLE = Automatic;
				CURRENT_PROJECT_VERSION = 1;
				GENERATE_INFOPLIST_FILE = YES;
				INFOPLIST_FILE = Lecture17/SupportingFiles/Info.plist;
				INFOPLIST_KEY_UIApplicationSupportsIndirectInputEvents = YES;
				INFOPLIST_KEY_UILaunchStoryboardName = LaunchScreen;
				INFOPLIST_KEY_UIMainStoryboardFile = Cocktails;
				INFOPLIST_KEY_UISupportedInterfaceOrientations_iPad = "UIInterfaceOrientationPortrait UIInterfaceOrientationPortraitUpsideDown UIInterfaceOrientationLandscapeLeft UIInterfaceOrientationLandscapeRight";
				INFOPLIST_KEY_UISupportedInterfaceOrientations_iPhone = "UIInterfaceOrientationPortrait UIInterfaceOrientationLandscapeLeft UIInterfaceOrientationLandscapeRight";
				LD_RUNPATH_SEARCH_PATHS = (
					"$(inherited)",
					"@executable_path/Frameworks",
				);
				MARKETING_VERSION = 1.0;
				PRODUCT_BUNDLE_IDENTIFIER = lizi.chichua.Lecture17;
				PRODUCT_NAME = "$(TARGET_NAME)";
				SWIFT_EMIT_LOC_STRINGS = YES;
				SWIFT_VERSION = 5.0;
				TARGETED_DEVICE_FAMILY = "1,2";
			};
			name = Release;
		};
/* End XCBuildConfiguration section */

/* Begin XCConfigurationList section */
		D389CBAE2956E00F00587376 /* Build configuration list for PBXProject "Lecture17" */ = {
			isa = XCConfigurationList;
			buildConfigurations = (
				D389CBC52956E01100587376 /* Debug */,
				D389CBC62956E01100587376 /* Release */,
			);
			defaultConfigurationIsVisible = 0;
			defaultConfigurationName = Release;
		};
		D389CBC72956E01100587376 /* Build configuration list for PBXNativeTarget "Lecture17" */ = {
			isa = XCConfigurationList;
			buildConfigurations = (
				D389CBC82956E01100587376 /* Debug */,
				D389CBC92956E01100587376 /* Release */,
			);
			defaultConfigurationIsVisible = 0;
			defaultConfigurationName = Release;
		};
/* End XCConfigurationList section */

/* Begin XCRemoteSwiftPackageReference section */
		D389CBDB2956F06600587376 /* XCRemoteSwiftPackageReference "Kingfisher" */ = {
			isa = XCRemoteSwiftPackageReference;
			repositoryURL = "https://github.com/onevcat/Kingfisher";
			requirement = {
				branch = master;
				kind = branch;
			};
		};
/* End XCRemoteSwiftPackageReference section */

/* Begin XCSwiftPackageProductDependency section */
		D389CBDC2956F06600587376 /* Kingfisher */ = {
			isa = XCSwiftPackageProductDependency;
			package = D389CBDB2956F06600587376 /* XCRemoteSwiftPackageReference "Kingfisher" */;
			productName = Kingfisher;
		};
/* End XCSwiftPackageProductDependency section */
	};
	rootObject = D389CBAB2956E00F00587376 /* Project object */;
}
